// !$*UTF8*$!
{
	archiveVersion = 1;
	classes = {
	};
	objectVersion = 46;
	objects = {

/* Begin PBXBuildFile section */
		7503E36A1AA1C83900426224 /* FormBaseCell.swift in Sources */ = {isa = PBXBuildFile; fileRef = 7503E3561AA1C83900426224 /* FormBaseCell.swift */; };
		7503E36B1AA1C83900426224 /* FormTitleCell.swift in Sources */ = {isa = PBXBuildFile; fileRef = 7503E3571AA1C83900426224 /* FormTitleCell.swift */; };
		7503E36C1AA1C83900426224 /* FormValueCell.swift in Sources */ = {isa = PBXBuildFile; fileRef = 7503E3581AA1C83900426224 /* FormValueCell.swift */; };
		7503E36D1AA1C83900426224 /* FormButtonCell.swift in Sources */ = {isa = PBXBuildFile; fileRef = 7503E3591AA1C83900426224 /* FormButtonCell.swift */; };
		7503E36E1AA1C83900426224 /* FormCheckCell.swift in Sources */ = {isa = PBXBuildFile; fileRef = 7503E35A1AA1C83900426224 /* FormCheckCell.swift */; };
		7503E36F1AA1C83900426224 /* FormDateCell.swift in Sources */ = {isa = PBXBuildFile; fileRef = 7503E35B1AA1C83900426224 /* FormDateCell.swift */; };
		7503E3701AA1C83900426224 /* FormPickerCell.swift in Sources */ = {isa = PBXBuildFile; fileRef = 7503E35C1AA1C83900426224 /* FormPickerCell.swift */; };
		7503E3711AA1C83900426224 /* FormSegmentedControlCell.swift in Sources */ = {isa = PBXBuildFile; fileRef = 7503E35D1AA1C83900426224 /* FormSegmentedControlCell.swift */; };
		7503E3721AA1C83900426224 /* FormSelectorCell.swift in Sources */ = {isa = PBXBuildFile; fileRef = 7503E35E1AA1C83900426224 /* FormSelectorCell.swift */; };
		7503E3731AA1C83900426224 /* FormSwitchCell.swift in Sources */ = {isa = PBXBuildFile; fileRef = 7503E35F1AA1C83900426224 /* FormSwitchCell.swift */; };
		7503E3741AA1C83900426224 /* FormTextFieldCell.swift in Sources */ = {isa = PBXBuildFile; fileRef = 7503E3601AA1C83900426224 /* FormTextFieldCell.swift */; };
		7503E3751AA1C83900426224 /* FormTextViewCell.swift in Sources */ = {isa = PBXBuildFile; fileRef = 7503E3611AA1C83900426224 /* FormTextViewCell.swift */; };
		7503E3761AA1C83900426224 /* FormOptionsSelectorController.swift in Sources */ = {isa = PBXBuildFile; fileRef = 7503E3631AA1C83900426224 /* FormOptionsSelectorController.swift */; };
		7503E3771AA1C83900426224 /* FormSelector.swift in Sources */ = {isa = PBXBuildFile; fileRef = 7503E3641AA1C83900426224 /* FormSelector.swift */; };
		7503E3781AA1C83900426224 /* FormViewController.swift in Sources */ = {isa = PBXBuildFile; fileRef = 7503E3651AA1C83900426224 /* FormViewController.swift */; };
		7503E3791AA1C83900426224 /* FormDescriptor.swift in Sources */ = {isa = PBXBuildFile; fileRef = 7503E3671AA1C83900426224 /* FormDescriptor.swift */; };
		7503E37A1AA1C83900426224 /* FormRowDescriptor.swift in Sources */ = {isa = PBXBuildFile; fileRef = 7503E3681AA1C83900426224 /* FormRowDescriptor.swift */; };
		7503E37B1AA1C83900426224 /* FormSectionDescriptor.swift in Sources */ = {isa = PBXBuildFile; fileRef = 7503E3691AA1C83900426224 /* FormSectionDescriptor.swift */; };
		756BEDA11A9F6A1C00954040 /* homeViewController.swift in Sources */ = {isa = PBXBuildFile; fileRef = 756BEDA01A9F6A1C00954040 /* homeViewController.swift */; };
		758701E21A9F31B00091C963 /* AppDelegate.swift in Sources */ = {isa = PBXBuildFile; fileRef = 758701E11A9F31B00091C963 /* AppDelegate.swift */; };
		758701E51A9F31B00091C963 /* Cfast.xcdatamodeld in Sources */ = {isa = PBXBuildFile; fileRef = 758701E31A9F31B00091C963 /* Cfast.xcdatamodeld */; };
		758701E71A9F31B00091C963 /* ViewController.swift in Sources */ = {isa = PBXBuildFile; fileRef = 758701E61A9F31B00091C963 /* ViewController.swift */; };
		758701EA1A9F31B00091C963 /* Main.storyboard in Resources */ = {isa = PBXBuildFile; fileRef = 758701E81A9F31B00091C963 /* Main.storyboard */; };
		758701EC1A9F31B00091C963 /* Images.xcassets in Resources */ = {isa = PBXBuildFile; fileRef = 758701EB1A9F31B00091C963 /* Images.xcassets */; };
		758701EF1A9F31B00091C963 /* LaunchScreen.xib in Resources */ = {isa = PBXBuildFile; fileRef = 758701ED1A9F31B00091C963 /* LaunchScreen.xib */; };
		758701FB1A9F31B00091C963 /* CfastTests.swift in Sources */ = {isa = PBXBuildFile; fileRef = 758701FA1A9F31B00091C963 /* CfastTests.swift */; };
		75A7D8FF1AA74B7700CD1476 /* JSQMessagesAssets.bundle in Resources */ = {isa = PBXBuildFile; fileRef = 75A7D8901AA74B7700CD1476 /* JSQMessagesAssets.bundle */; };
		75A7D9001AA74B7700CD1476 /* JSQMessages.strings in Resources */ = {isa = PBXBuildFile; fileRef = 75A7D8921AA74B7700CD1476 /* JSQMessages.strings */; };
		75A7D9011AA74B7700CD1476 /* JSQSystemSoundPlayer+JSQMessages.m in Sources */ = {isa = PBXBuildFile; fileRef = 75A7D8A41AA74B7700CD1476 /* JSQSystemSoundPlayer+JSQMessages.m */; };
		75A7D9021AA74B7700CD1476 /* NSString+JSQMessages.m in Sources */ = {isa = PBXBuildFile; fileRef = 75A7D8A61AA74B7700CD1476 /* NSString+JSQMessages.m */; };
		75A7D9031AA74B7700CD1476 /* UIColor+JSQMessages.m in Sources */ = {isa = PBXBuildFile; fileRef = 75A7D8A81AA74B7700CD1476 /* UIColor+JSQMessages.m */; };
		75A7D9041AA74B7700CD1476 /* UIDevice+JSQMessages.m in Sources */ = {isa = PBXBuildFile; fileRef = 75A7D8AA1AA74B7700CD1476 /* UIDevice+JSQMessages.m */; };
		75A7D9051AA74B7700CD1476 /* UIImage+JSQMessages.m in Sources */ = {isa = PBXBuildFile; fileRef = 75A7D8AC1AA74B7700CD1476 /* UIImage+JSQMessages.m */; };
		75A7D9061AA74B7700CD1476 /* UIView+JSQMessages.m in Sources */ = {isa = PBXBuildFile; fileRef = 75A7D8AE1AA74B7700CD1476 /* UIView+JSQMessages.m */; };
		75A7D9071AA74B7700CD1476 /* JSQMessagesKeyboardController.m in Sources */ = {isa = PBXBuildFile; fileRef = 75A7D8B11AA74B7700CD1476 /* JSQMessagesKeyboardController.m */; };
		75A7D9081AA74B7700CD1476 /* JSQMessagesViewController.m in Sources */ = {isa = PBXBuildFile; fileRef = 75A7D8B31AA74B7700CD1476 /* JSQMessagesViewController.m */; };
		75A7D9091AA74B7700CD1476 /* JSQMessagesViewController.xib in Resources */ = {isa = PBXBuildFile; fileRef = 75A7D8B41AA74B7700CD1476 /* JSQMessagesViewController.xib */; };
		75A7D90A1AA74B7700CD1476 /* JSQMessagesAvatarImageFactory.m in Sources */ = {isa = PBXBuildFile; fileRef = 75A7D8B71AA74B7700CD1476 /* JSQMessagesAvatarImageFactory.m */; };
		75A7D90B1AA74B7700CD1476 /* JSQMessagesBubbleImageFactory.m in Sources */ = {isa = PBXBuildFile; fileRef = 75A7D8B91AA74B7700CD1476 /* JSQMessagesBubbleImageFactory.m */; };
		75A7D90C1AA74B7700CD1476 /* JSQMessagesMediaViewBubbleImageMasker.m in Sources */ = {isa = PBXBuildFile; fileRef = 75A7D8BB1AA74B7700CD1476 /* JSQMessagesMediaViewBubbleImageMasker.m */; };
		75A7D90D1AA74B7700CD1476 /* JSQMessagesTimestampFormatter.m in Sources */ = {isa = PBXBuildFile; fileRef = 75A7D8BD1AA74B7700CD1476 /* JSQMessagesTimestampFormatter.m */; };
		75A7D90E1AA74B7700CD1476 /* JSQMessagesToolbarButtonFactory.m in Sources */ = {isa = PBXBuildFile; fileRef = 75A7D8BF1AA74B7700CD1476 /* JSQMessagesToolbarButtonFactory.m */; };
		75A7D90F1AA74B7700CD1476 /* JSQMessagesCollectionViewFlowLayout.m in Sources */ = {isa = PBXBuildFile; fileRef = 75A7D8C31AA74B7700CD1476 /* JSQMessagesCollectionViewFlowLayout.m */; };
		75A7D9101AA74B7700CD1476 /* JSQMessagesCollectionViewFlowLayoutInvalidationContext.m in Sources */ = {isa = PBXBuildFile; fileRef = 75A7D8C51AA74B7700CD1476 /* JSQMessagesCollectionViewFlowLayoutInvalidationContext.m */; };
		75A7D9111AA74B7700CD1476 /* JSQMessagesCollectionViewLayoutAttributes.m in Sources */ = {isa = PBXBuildFile; fileRef = 75A7D8C71AA74B7700CD1476 /* JSQMessagesCollectionViewLayoutAttributes.m */; };
		75A7D9121AA74B7700CD1476 /* JSQLocationMediaItem.m in Sources */ = {isa = PBXBuildFile; fileRef = 75A7D8CA1AA74B7700CD1476 /* JSQLocationMediaItem.m */; };
		75A7D9131AA74B7700CD1476 /* JSQMediaItem.m in Sources */ = {isa = PBXBuildFile; fileRef = 75A7D8CC1AA74B7700CD1476 /* JSQMediaItem.m */; };
		75A7D9141AA74B7700CD1476 /* JSQMessage.m in Sources */ = {isa = PBXBuildFile; fileRef = 75A7D8CE1AA74B7700CD1476 /* JSQMessage.m */; };
		75A7D9151AA74B7700CD1476 /* JSQMessagesAvatarImage.m in Sources */ = {isa = PBXBuildFile; fileRef = 75A7D8D41AA74B7700CD1476 /* JSQMessagesAvatarImage.m */; };
		75A7D9161AA74B7700CD1476 /* JSQMessagesBubbleImage.m in Sources */ = {isa = PBXBuildFile; fileRef = 75A7D8D61AA74B7700CD1476 /* JSQMessagesBubbleImage.m */; };
		75A7D9171AA74B7700CD1476 /* JSQPhotoMediaItem.m in Sources */ = {isa = PBXBuildFile; fileRef = 75A7D8DA1AA74B7700CD1476 /* JSQPhotoMediaItem.m */; };
		75A7D9181AA74B7700CD1476 /* JSQVideoMediaItem.m in Sources */ = {isa = PBXBuildFile; fileRef = 75A7D8DC1AA74B7700CD1476 /* JSQVideoMediaItem.m */; };
		75A7D9191AA74B7700CD1476 /* JSQMessagesCellTextView.m in Sources */ = {isa = PBXBuildFile; fileRef = 75A7D8DF1AA74B7700CD1476 /* JSQMessagesCellTextView.m */; };
		75A7D91A1AA74B7700CD1476 /* JSQMessagesCollectionView.m in Sources */ = {isa = PBXBuildFile; fileRef = 75A7D8E11AA74B7700CD1476 /* JSQMessagesCollectionView.m */; };
		75A7D91B1AA74B7700CD1476 /* JSQMessagesCollectionViewCell.m in Sources */ = {isa = PBXBuildFile; fileRef = 75A7D8E31AA74B7700CD1476 /* JSQMessagesCollectionViewCell.m */; };
		75A7D91C1AA74B7700CD1476 /* JSQMessagesCollectionViewCellIncoming.m in Sources */ = {isa = PBXBuildFile; fileRef = 75A7D8E51AA74B7700CD1476 /* JSQMessagesCollectionViewCellIncoming.m */; };
		75A7D91D1AA74B7700CD1476 /* JSQMessagesCollectionViewCellIncoming.xib in Resources */ = {isa = PBXBuildFile; fileRef = 75A7D8E61AA74B7700CD1476 /* JSQMessagesCollectionViewCellIncoming.xib */; };
		75A7D91E1AA74B7700CD1476 /* JSQMessagesCollectionViewCellOutgoing.m in Sources */ = {isa = PBXBuildFile; fileRef = 75A7D8E81AA74B7700CD1476 /* JSQMessagesCollectionViewCellOutgoing.m */; };
		75A7D91F1AA74B7700CD1476 /* JSQMessagesCollectionViewCellOutgoing.xib in Resources */ = {isa = PBXBuildFile; fileRef = 75A7D8E91AA74B7700CD1476 /* JSQMessagesCollectionViewCellOutgoing.xib */; };
		75A7D9201AA74B7700CD1476 /* JSQMessagesComposerTextView.m in Sources */ = {isa = PBXBuildFile; fileRef = 75A7D8EB1AA74B7700CD1476 /* JSQMessagesComposerTextView.m */; };
		75A7D9211AA74B7700CD1476 /* JSQMessagesInputToolbar.m in Sources */ = {isa = PBXBuildFile; fileRef = 75A7D8ED1AA74B7700CD1476 /* JSQMessagesInputToolbar.m */; };
		75A7D9221AA74B7700CD1476 /* JSQMessagesLabel.m in Sources */ = {isa = PBXBuildFile; fileRef = 75A7D8EF1AA74B7700CD1476 /* JSQMessagesLabel.m */; };
		75A7D9231AA74B7700CD1476 /* JSQMessagesLoadEarlierHeaderView.m in Sources */ = {isa = PBXBuildFile; fileRef = 75A7D8F11AA74B7700CD1476 /* JSQMessagesLoadEarlierHeaderView.m */; };
		75A7D9241AA74B7700CD1476 /* JSQMessagesLoadEarlierHeaderView.xib in Resources */ = {isa = PBXBuildFile; fileRef = 75A7D8F21AA74B7700CD1476 /* JSQMessagesLoadEarlierHeaderView.xib */; };
		75A7D9251AA74B7700CD1476 /* JSQMessagesMediaPlaceholderView.m in Sources */ = {isa = PBXBuildFile; fileRef = 75A7D8F41AA74B7700CD1476 /* JSQMessagesMediaPlaceholderView.m */; };
		75A7D9261AA74B7700CD1476 /* JSQMessagesToolbarContentView.m in Sources */ = {isa = PBXBuildFile; fileRef = 75A7D8F61AA74B7700CD1476 /* JSQMessagesToolbarContentView.m */; };
		75A7D9271AA74B7700CD1476 /* JSQMessagesToolbarContentView.xib in Resources */ = {isa = PBXBuildFile; fileRef = 75A7D8F71AA74B7700CD1476 /* JSQMessagesToolbarContentView.xib */; };
		75A7D9281AA74B7700CD1476 /* JSQMessagesTypingIndicatorFooterView.m in Sources */ = {isa = PBXBuildFile; fileRef = 75A7D8F91AA74B7700CD1476 /* JSQMessagesTypingIndicatorFooterView.m */; };
		75A7D9291AA74B7700CD1476 /* JSQMessagesTypingIndicatorFooterView.xib in Resources */ = {isa = PBXBuildFile; fileRef = 75A7D8FA1AA74B7700CD1476 /* JSQMessagesTypingIndicatorFooterView.xib */; };
		75A7D92A1AA74B7700CD1476 /* JSQSystemSoundPlayer.m in Sources */ = {isa = PBXBuildFile; fileRef = 75A7D8FE1AA74B7700CD1476 /* JSQSystemSoundPlayer.m */; };
		75AA5F4D1AA1C1A700714461 /* ProfileViewController.swift in Sources */ = {isa = PBXBuildFile; fileRef = 75AA5F4C1AA1C1A700714461 /* ProfileViewController.swift */; };
		75ED5A141AA0E2E800534878 /* AudioToolbox.framework in Frameworks */ = {isa = PBXBuildFile; fileRef = 75ED5A131AA0E2E800534878 /* AudioToolbox.framework */; };
		75ED5A161AA0E50400534878 /* FireBaseViewController.swift in Sources */ = {isa = PBXBuildFile; fileRef = 75ED5A151AA0E50400534878 /* FireBaseViewController.swift */; };
		75ED5A1A1AA0E6AF00534878 /* Message.swift in Sources */ = {isa = PBXBuildFile; fileRef = 75ED5A191AA0E6AF00534878 /* Message.swift */; };
		75ED5A1E1AA1000C00534878 /* SweetAlert.swift in Sources */ = {isa = PBXBuildFile; fileRef = 75ED5A1D1AA1000C00534878 /* SweetAlert.swift */; };
		B46E8071E7EC23C400A3FA1B /* Pods.framework in Frameworks */ = {isa = PBXBuildFile; fileRef = 236426DEA956E53555D3E93B /* Pods.framework */; settings = {ATTRIBUTES = (Weak, ); }; };
/* End PBXBuildFile section */

/* Begin PBXContainerItemProxy section */
		758701F51A9F31B00091C963 /* PBXContainerItemProxy */ = {
			isa = PBXContainerItemProxy;
			containerPortal = 758701D41A9F31B00091C963 /* Project object */;
			proxyType = 1;
			remoteGlobalIDString = 758701DB1A9F31B00091C963;
			remoteInfo = Cfast;
		};
/* End PBXContainerItemProxy section */

/* Begin PBXFileReference section */
		236426DEA956E53555D3E93B /* Pods.framework */ = {isa = PBXFileReference; explicitFileType = wrapper.framework; includeInIndex = 0; path = Pods.framework; sourceTree = BUILT_PRODUCTS_DIR; };
		725FACBB6B37C9DB3A170548 /* Pods.debug.xcconfig */ = {isa = PBXFileReference; includeInIndex = 1; lastKnownFileType = text.xcconfig; name = Pods.debug.xcconfig; path = "Pods/Target Support Files/Pods/Pods.debug.xcconfig"; sourceTree = "<group>"; };
		7503E3561AA1C83900426224 /* FormBaseCell.swift */ = {isa = PBXFileReference; fileEncoding = 4; lastKnownFileType = sourcecode.swift; path = FormBaseCell.swift; sourceTree = "<group>"; };
		7503E3571AA1C83900426224 /* FormTitleCell.swift */ = {isa = PBXFileReference; fileEncoding = 4; lastKnownFileType = sourcecode.swift; path = FormTitleCell.swift; sourceTree = "<group>"; };
		7503E3581AA1C83900426224 /* FormValueCell.swift */ = {isa = PBXFileReference; fileEncoding = 4; lastKnownFileType = sourcecode.swift; path = FormValueCell.swift; sourceTree = "<group>"; };
		7503E3591AA1C83900426224 /* FormButtonCell.swift */ = {isa = PBXFileReference; fileEncoding = 4; lastKnownFileType = sourcecode.swift; path = FormButtonCell.swift; sourceTree = "<group>"; };
		7503E35A1AA1C83900426224 /* FormCheckCell.swift */ = {isa = PBXFileReference; fileEncoding = 4; lastKnownFileType = sourcecode.swift; path = FormCheckCell.swift; sourceTree = "<group>"; };
		7503E35B1AA1C83900426224 /* FormDateCell.swift */ = {isa = PBXFileReference; fileEncoding = 4; lastKnownFileType = sourcecode.swift; path = FormDateCell.swift; sourceTree = "<group>"; };
		7503E35C1AA1C83900426224 /* FormPickerCell.swift */ = {isa = PBXFileReference; fileEncoding = 4; lastKnownFileType = sourcecode.swift; path = FormPickerCell.swift; sourceTree = "<group>"; };
		7503E35D1AA1C83900426224 /* FormSegmentedControlCell.swift */ = {isa = PBXFileReference; fileEncoding = 4; lastKnownFileType = sourcecode.swift; path = FormSegmentedControlCell.swift; sourceTree = "<group>"; };
		7503E35E1AA1C83900426224 /* FormSelectorCell.swift */ = {isa = PBXFileReference; fileEncoding = 4; lastKnownFileType = sourcecode.swift; path = FormSelectorCell.swift; sourceTree = "<group>"; };
		7503E35F1AA1C83900426224 /* FormSwitchCell.swift */ = {isa = PBXFileReference; fileEncoding = 4; lastKnownFileType = sourcecode.swift; path = FormSwitchCell.swift; sourceTree = "<group>"; };
		7503E3601AA1C83900426224 /* FormTextFieldCell.swift */ = {isa = PBXFileReference; fileEncoding = 4; lastKnownFileType = sourcecode.swift; path = FormTextFieldCell.swift; sourceTree = "<group>"; };
		7503E3611AA1C83900426224 /* FormTextViewCell.swift */ = {isa = PBXFileReference; fileEncoding = 4; lastKnownFileType = sourcecode.swift; path = FormTextViewCell.swift; sourceTree = "<group>"; };
		7503E3631AA1C83900426224 /* FormOptionsSelectorController.swift */ = {isa = PBXFileReference; fileEncoding = 4; lastKnownFileType = sourcecode.swift; path = FormOptionsSelectorController.swift; sourceTree = "<group>"; };
		7503E3641AA1C83900426224 /* FormSelector.swift */ = {isa = PBXFileReference; fileEncoding = 4; lastKnownFileType = sourcecode.swift; path = FormSelector.swift; sourceTree = "<group>"; };
		7503E3651AA1C83900426224 /* FormViewController.swift */ = {isa = PBXFileReference; fileEncoding = 4; lastKnownFileType = sourcecode.swift; path = FormViewController.swift; sourceTree = "<group>"; };
		7503E3671AA1C83900426224 /* FormDescriptor.swift */ = {isa = PBXFileReference; fileEncoding = 4; lastKnownFileType = sourcecode.swift; path = FormDescriptor.swift; sourceTree = "<group>"; };
		7503E3681AA1C83900426224 /* FormRowDescriptor.swift */ = {isa = PBXFileReference; fileEncoding = 4; lastKnownFileType = sourcecode.swift; path = FormRowDescriptor.swift; sourceTree = "<group>"; };
		7503E3691AA1C83900426224 /* FormSectionDescriptor.swift */ = {isa = PBXFileReference; fileEncoding = 4; lastKnownFileType = sourcecode.swift; path = FormSectionDescriptor.swift; sourceTree = "<group>"; };
		756BEDA01A9F6A1C00954040 /* homeViewController.swift */ = {isa = PBXFileReference; fileEncoding = 4; lastKnownFileType = sourcecode.swift; path = homeViewController.swift; sourceTree = "<group>"; };
		758701DC1A9F31B00091C963 /* Cfast.app */ = {isa = PBXFileReference; explicitFileType = wrapper.application; includeInIndex = 0; path = Cfast.app; sourceTree = BUILT_PRODUCTS_DIR; };
		758701E01A9F31B00091C963 /* Info.plist */ = {isa = PBXFileReference; lastKnownFileType = text.plist.xml; path = Info.plist; sourceTree = "<group>"; };
		758701E11A9F31B00091C963 /* AppDelegate.swift */ = {isa = PBXFileReference; lastKnownFileType = sourcecode.swift; path = AppDelegate.swift; sourceTree = "<group>"; };
		758701E41A9F31B00091C963 /* Cfast.xcdatamodel */ = {isa = PBXFileReference; lastKnownFileType = wrapper.xcdatamodel; path = Cfast.xcdatamodel; sourceTree = "<group>"; };
		758701E61A9F31B00091C963 /* ViewController.swift */ = {isa = PBXFileReference; lastKnownFileType = sourcecode.swift; path = ViewController.swift; sourceTree = "<group>"; };
		758701E91A9F31B00091C963 /* Base */ = {isa = PBXFileReference; lastKnownFileType = file.storyboard; name = Base; path = Base.lproj/Main.storyboard; sourceTree = "<group>"; };
		758701EB1A9F31B00091C963 /* Images.xcassets */ = {isa = PBXFileReference; lastKnownFileType = folder.assetcatalog; path = Images.xcassets; sourceTree = "<group>"; };
		758701EE1A9F31B00091C963 /* Base */ = {isa = PBXFileReference; lastKnownFileType = file.xib; name = Base; path = Base.lproj/LaunchScreen.xib; sourceTree = "<group>"; };
		758701F41A9F31B00091C963 /* CfastTests.xctest */ = {isa = PBXFileReference; explicitFileType = wrapper.cfbundle; includeInIndex = 0; path = CfastTests.xctest; sourceTree = BUILT_PRODUCTS_DIR; };
		758701F91A9F31B00091C963 /* Info.plist */ = {isa = PBXFileReference; lastKnownFileType = text.plist.xml; path = Info.plist; sourceTree = "<group>"; };
		758701FA1A9F31B00091C963 /* CfastTests.swift */ = {isa = PBXFileReference; lastKnownFileType = sourcecode.swift; path = CfastTests.swift; sourceTree = "<group>"; };
		759C36101AA0CEFA004A00CB /* Cfast-Bridging-Header.h */ = {isa = PBXFileReference; lastKnownFileType = sourcecode.c.h; path = "Cfast-Bridging-Header.h"; sourceTree = "<group>"; };
		75A7D8901AA74B7700CD1476 /* JSQMessagesAssets.bundle */ = {isa = PBXFileReference; lastKnownFileType = "wrapper.plug-in"; path = JSQMessagesAssets.bundle; sourceTree = "<group>"; };
		75A7D8931AA74B7700CD1476 /* Base */ = {isa = PBXFileReference; lastKnownFileType = text.plist.strings; name = Base; path = Base.lproj/JSQMessages.strings; sourceTree = "<group>"; };
		75A7D8941AA74B7700CD1476 /* de */ = {isa = PBXFileReference; lastKnownFileType = text.plist.strings; name = de; path = de.lproj/JSQMessages.strings; sourceTree = "<group>"; };
		75A7D8951AA74B7700CD1476 /* en */ = {isa = PBXFileReference; lastKnownFileType = text.plist.strings; name = en; path = en.lproj/JSQMessages.strings; sourceTree = "<group>"; };
		75A7D8961AA74B7700CD1476 /* es */ = {isa = PBXFileReference; lastKnownFileType = text.plist.strings; name = es; path = es.lproj/JSQMessages.strings; sourceTree = "<group>"; };
		75A7D8971AA74B7700CD1476 /* fr */ = {isa = PBXFileReference; lastKnownFileType = text.plist.strings; name = fr; path = fr.lproj/JSQMessages.strings; sourceTree = "<group>"; };
		75A7D8981AA74B7700CD1476 /* he */ = {isa = PBXFileReference; lastKnownFileType = text.plist.strings; name = he; path = he.lproj/JSQMessages.strings; sourceTree = "<group>"; };
		75A7D8991AA74B7700CD1476 /* it */ = {isa = PBXFileReference; lastKnownFileType = text.plist.strings; name = it; path = it.lproj/JSQMessages.strings; sourceTree = "<group>"; };
		75A7D89A1AA74B7700CD1476 /* nl */ = {isa = PBXFileReference; lastKnownFileType = text.plist.strings; name = nl; path = nl.lproj/JSQMessages.strings; sourceTree = "<group>"; };
		75A7D89B1AA74B7700CD1476 /* pl */ = {isa = PBXFileReference; lastKnownFileType = text.plist.strings; name = pl; path = pl.lproj/JSQMessages.strings; sourceTree = "<group>"; };
		75A7D89C1AA74B7700CD1476 /* pt */ = {isa = PBXFileReference; lastKnownFileType = text.plist.strings; name = pt; path = pt.lproj/JSQMessages.strings; sourceTree = "<group>"; };
		75A7D89D1AA74B7700CD1476 /* ro */ = {isa = PBXFileReference; lastKnownFileType = text.plist.strings; name = ro; path = ro.lproj/JSQMessages.strings; sourceTree = "<group>"; };
		75A7D89E1AA74B7700CD1476 /* ru */ = {isa = PBXFileReference; lastKnownFileType = text.plist.strings; name = ru; path = ru.lproj/JSQMessages.strings; sourceTree = "<group>"; };
		75A7D89F1AA74B7700CD1476 /* tr */ = {isa = PBXFileReference; lastKnownFileType = text.plist.strings; name = tr; path = tr.lproj/JSQMessages.strings; sourceTree = "<group>"; };
		75A7D8A01AA74B7700CD1476 /* zh-Hans */ = {isa = PBXFileReference; lastKnownFileType = text.plist.strings; name = "zh-Hans"; path = "zh-Hans.lproj/JSQMessages.strings"; sourceTree = "<group>"; };
		75A7D8A11AA74B7700CD1476 /* zh-Hant */ = {isa = PBXFileReference; lastKnownFileType = text.plist.strings; name = "zh-Hant"; path = "zh-Hant.lproj/JSQMessages.strings"; sourceTree = "<group>"; };
		75A7D8A31AA74B7700CD1476 /* JSQSystemSoundPlayer+JSQMessages.h */ = {isa = PBXFileReference; fileEncoding = 4; lastKnownFileType = sourcecode.c.h; path = "JSQSystemSoundPlayer+JSQMessages.h"; sourceTree = "<group>"; };
		75A7D8A41AA74B7700CD1476 /* JSQSystemSoundPlayer+JSQMessages.m */ = {isa = PBXFileReference; fileEncoding = 4; lastKnownFileType = sourcecode.c.objc; path = "JSQSystemSoundPlayer+JSQMessages.m"; sourceTree = "<group>"; };
		75A7D8A51AA74B7700CD1476 /* NSString+JSQMessages.h */ = {isa = PBXFileReference; fileEncoding = 4; lastKnownFileType = sourcecode.c.h; path = "NSString+JSQMessages.h"; sourceTree = "<group>"; };
		75A7D8A61AA74B7700CD1476 /* NSString+JSQMessages.m */ = {isa = PBXFileReference; fileEncoding = 4; lastKnownFileType = sourcecode.c.objc; path = "NSString+JSQMessages.m"; sourceTree = "<group>"; };
		75A7D8A71AA74B7700CD1476 /* UIColor+JSQMessages.h */ = {isa = PBXFileReference; fileEncoding = 4; lastKnownFileType = sourcecode.c.h; path = "UIColor+JSQMessages.h"; sourceTree = "<group>"; };
		75A7D8A81AA74B7700CD1476 /* UIColor+JSQMessages.m */ = {isa = PBXFileReference; fileEncoding = 4; lastKnownFileType = sourcecode.c.objc; path = "UIColor+JSQMessages.m"; sourceTree = "<group>"; };
		75A7D8A91AA74B7700CD1476 /* UIDevice+JSQMessages.h */ = {isa = PBXFileReference; fileEncoding = 4; lastKnownFileType = sourcecode.c.h; path = "UIDevice+JSQMessages.h"; sourceTree = "<group>"; };
		75A7D8AA1AA74B7700CD1476 /* UIDevice+JSQMessages.m */ = {isa = PBXFileReference; fileEncoding = 4; lastKnownFileType = sourcecode.c.objc; path = "UIDevice+JSQMessages.m"; sourceTree = "<group>"; };
		75A7D8AB1AA74B7700CD1476 /* UIImage+JSQMessages.h */ = {isa = PBXFileReference; fileEncoding = 4; lastKnownFileType = sourcecode.c.h; path = "UIImage+JSQMessages.h"; sourceTree = "<group>"; };
		75A7D8AC1AA74B7700CD1476 /* UIImage+JSQMessages.m */ = {isa = PBXFileReference; fileEncoding = 4; lastKnownFileType = sourcecode.c.objc; path = "UIImage+JSQMessages.m"; sourceTree = "<group>"; };
		75A7D8AD1AA74B7700CD1476 /* UIView+JSQMessages.h */ = {isa = PBXFileReference; fileEncoding = 4; lastKnownFileType = sourcecode.c.h; path = "UIView+JSQMessages.h"; sourceTree = "<group>"; };
		75A7D8AE1AA74B7700CD1476 /* UIView+JSQMessages.m */ = {isa = PBXFileReference; fileEncoding = 4; lastKnownFileType = sourcecode.c.objc; path = "UIView+JSQMessages.m"; sourceTree = "<group>"; };
		75A7D8B01AA74B7700CD1476 /* JSQMessagesKeyboardController.h */ = {isa = PBXFileReference; fileEncoding = 4; lastKnownFileType = sourcecode.c.h; path = JSQMessagesKeyboardController.h; sourceTree = "<group>"; };
		75A7D8B11AA74B7700CD1476 /* JSQMessagesKeyboardController.m */ = {isa = PBXFileReference; fileEncoding = 4; lastKnownFileType = sourcecode.c.objc; path = JSQMessagesKeyboardController.m; sourceTree = "<group>"; };
		75A7D8B21AA74B7700CD1476 /* JSQMessagesViewController.h */ = {isa = PBXFileReference; fileEncoding = 4; lastKnownFileType = sourcecode.c.h; path = JSQMessagesViewController.h; sourceTree = "<group>"; };
		75A7D8B31AA74B7700CD1476 /* JSQMessagesViewController.m */ = {isa = PBXFileReference; fileEncoding = 4; lastKnownFileType = sourcecode.c.objc; path = JSQMessagesViewController.m; sourceTree = "<group>"; };
		75A7D8B41AA74B7700CD1476 /* JSQMessagesViewController.xib */ = {isa = PBXFileReference; fileEncoding = 4; lastKnownFileType = file.xib; path = JSQMessagesViewController.xib; sourceTree = "<group>"; };
		75A7D8B61AA74B7700CD1476 /* JSQMessagesAvatarImageFactory.h */ = {isa = PBXFileReference; fileEncoding = 4; lastKnownFileType = sourcecode.c.h; path = JSQMessagesAvatarImageFactory.h; sourceTree = "<group>"; };
		75A7D8B71AA74B7700CD1476 /* JSQMessagesAvatarImageFactory.m */ = {isa = PBXFileReference; fileEncoding = 4; lastKnownFileType = sourcecode.c.objc; path = JSQMessagesAvatarImageFactory.m; sourceTree = "<group>"; };
		75A7D8B81AA74B7700CD1476 /* JSQMessagesBubbleImageFactory.h */ = {isa = PBXFileReference; fileEncoding = 4; lastKnownFileType = sourcecode.c.h; path = JSQMessagesBubbleImageFactory.h; sourceTree = "<group>"; };
		75A7D8B91AA74B7700CD1476 /* JSQMessagesBubbleImageFactory.m */ = {isa = PBXFileReference; fileEncoding = 4; lastKnownFileType = sourcecode.c.objc; path = JSQMessagesBubbleImageFactory.m; sourceTree = "<group>"; };
		75A7D8BA1AA74B7700CD1476 /* JSQMessagesMediaViewBubbleImageMasker.h */ = {isa = PBXFileReference; fileEncoding = 4; lastKnownFileType = sourcecode.c.h; path = JSQMessagesMediaViewBubbleImageMasker.h; sourceTree = "<group>"; };
		75A7D8BB1AA74B7700CD1476 /* JSQMessagesMediaViewBubbleImageMasker.m */ = {isa = PBXFileReference; fileEncoding = 4; lastKnownFileType = sourcecode.c.objc; path = JSQMessagesMediaViewBubbleImageMasker.m; sourceTree = "<group>"; };
		75A7D8BC1AA74B7700CD1476 /* JSQMessagesTimestampFormatter.h */ = {isa = PBXFileReference; fileEncoding = 4; lastKnownFileType = sourcecode.c.h; path = JSQMessagesTimestampFormatter.h; sourceTree = "<group>"; };
		75A7D8BD1AA74B7700CD1476 /* JSQMessagesTimestampFormatter.m */ = {isa = PBXFileReference; fileEncoding = 4; lastKnownFileType = sourcecode.c.objc; path = JSQMessagesTimestampFormatter.m; sourceTree = "<group>"; };
		75A7D8BE1AA74B7700CD1476 /* JSQMessagesToolbarButtonFactory.h */ = {isa = PBXFileReference; fileEncoding = 4; lastKnownFileType = sourcecode.c.h; path = JSQMessagesToolbarButtonFactory.h; sourceTree = "<group>"; };
		75A7D8BF1AA74B7700CD1476 /* JSQMessagesToolbarButtonFactory.m */ = {isa = PBXFileReference; fileEncoding = 4; lastKnownFileType = sourcecode.c.objc; path = JSQMessagesToolbarButtonFactory.m; sourceTree = "<group>"; };
		75A7D8C01AA74B7700CD1476 /* JSQMessages.h */ = {isa = PBXFileReference; fileEncoding = 4; lastKnownFileType = sourcecode.c.h; path = JSQMessages.h; sourceTree = "<group>"; };
		75A7D8C21AA74B7700CD1476 /* JSQMessagesCollectionViewFlowLayout.h */ = {isa = PBXFileReference; fileEncoding = 4; lastKnownFileType = sourcecode.c.h; path = JSQMessagesCollectionViewFlowLayout.h; sourceTree = "<group>"; };
		75A7D8C31AA74B7700CD1476 /* JSQMessagesCollectionViewFlowLayout.m */ = {isa = PBXFileReference; fileEncoding = 4; lastKnownFileType = sourcecode.c.objc; path = JSQMessagesCollectionViewFlowLayout.m; sourceTree = "<group>"; };
		75A7D8C41AA74B7700CD1476 /* JSQMessagesCollectionViewFlowLayoutInvalidationContext.h */ = {isa = PBXFileReference; fileEncoding = 4; lastKnownFileType = sourcecode.c.h; path = JSQMessagesCollectionViewFlowLayoutInvalidationContext.h; sourceTree = "<group>"; };
		75A7D8C51AA74B7700CD1476 /* JSQMessagesCollectionViewFlowLayoutInvalidationContext.m */ = {isa = PBXFileReference; fileEncoding = 4; lastKnownFileType = sourcecode.c.objc; path = JSQMessagesCollectionViewFlowLayoutInvalidationContext.m; sourceTree = "<group>"; };
		75A7D8C61AA74B7700CD1476 /* JSQMessagesCollectionViewLayoutAttributes.h */ = {isa = PBXFileReference; fileEncoding = 4; lastKnownFileType = sourcecode.c.h; path = JSQMessagesCollectionViewLayoutAttributes.h; sourceTree = "<group>"; };
		75A7D8C71AA74B7700CD1476 /* JSQMessagesCollectionViewLayoutAttributes.m */ = {isa = PBXFileReference; fileEncoding = 4; lastKnownFileType = sourcecode.c.objc; path = JSQMessagesCollectionViewLayoutAttributes.m; sourceTree = "<group>"; };
		75A7D8C91AA74B7700CD1476 /* JSQLocationMediaItem.h */ = {isa = PBXFileReference; fileEncoding = 4; lastKnownFileType = sourcecode.c.h; path = JSQLocationMediaItem.h; sourceTree = "<group>"; };
		75A7D8CA1AA74B7700CD1476 /* JSQLocationMediaItem.m */ = {isa = PBXFileReference; fileEncoding = 4; lastKnownFileType = sourcecode.c.objc; path = JSQLocationMediaItem.m; sourceTree = "<group>"; };
		75A7D8CB1AA74B7700CD1476 /* JSQMediaItem.h */ = {isa = PBXFileReference; fileEncoding = 4; lastKnownFileType = sourcecode.c.h; path = JSQMediaItem.h; sourceTree = "<group>"; };
		75A7D8CC1AA74B7700CD1476 /* JSQMediaItem.m */ = {isa = PBXFileReference; fileEncoding = 4; lastKnownFileType = sourcecode.c.objc; path = JSQMediaItem.m; sourceTree = "<group>"; };
		75A7D8CD1AA74B7700CD1476 /* JSQMessage.h */ = {isa = PBXFileReference; fileEncoding = 4; lastKnownFileType = sourcecode.c.h; path = JSQMessage.h; sourceTree = "<group>"; };
		75A7D8CE1AA74B7700CD1476 /* JSQMessage.m */ = {isa = PBXFileReference; fileEncoding = 4; lastKnownFileType = sourcecode.c.objc; path = JSQMessage.m; sourceTree = "<group>"; };
		75A7D8CF1AA74B7700CD1476 /* JSQMessageAvatarImageDataSource.h */ = {isa = PBXFileReference; fileEncoding = 4; lastKnownFileType = sourcecode.c.h; path = JSQMessageAvatarImageDataSource.h; sourceTree = "<group>"; };
		75A7D8D01AA74B7700CD1476 /* JSQMessageBubbleImageDataSource.h */ = {isa = PBXFileReference; fileEncoding = 4; lastKnownFileType = sourcecode.c.h; path = JSQMessageBubbleImageDataSource.h; sourceTree = "<group>"; };
		75A7D8D11AA74B7700CD1476 /* JSQMessageData.h */ = {isa = PBXFileReference; fileEncoding = 4; lastKnownFileType = sourcecode.c.h; path = JSQMessageData.h; sourceTree = "<group>"; };
		75A7D8D21AA74B7700CD1476 /* JSQMessageMediaData.h */ = {isa = PBXFileReference; fileEncoding = 4; lastKnownFileType = sourcecode.c.h; path = JSQMessageMediaData.h; sourceTree = "<group>"; };
		75A7D8D31AA74B7700CD1476 /* JSQMessagesAvatarImage.h */ = {isa = PBXFileReference; fileEncoding = 4; lastKnownFileType = sourcecode.c.h; path = JSQMessagesAvatarImage.h; sourceTree = "<group>"; };
		75A7D8D41AA74B7700CD1476 /* JSQMessagesAvatarImage.m */ = {isa = PBXFileReference; fileEncoding = 4; lastKnownFileType = sourcecode.c.objc; path = JSQMessagesAvatarImage.m; sourceTree = "<group>"; };
		75A7D8D51AA74B7700CD1476 /* JSQMessagesBubbleImage.h */ = {isa = PBXFileReference; fileEncoding = 4; lastKnownFileType = sourcecode.c.h; path = JSQMessagesBubbleImage.h; sourceTree = "<group>"; };
		75A7D8D61AA74B7700CD1476 /* JSQMessagesBubbleImage.m */ = {isa = PBXFileReference; fileEncoding = 4; lastKnownFileType = sourcecode.c.objc; path = JSQMessagesBubbleImage.m; sourceTree = "<group>"; };
		75A7D8D71AA74B7700CD1476 /* JSQMessagesCollectionViewDataSource.h */ = {isa = PBXFileReference; fileEncoding = 4; lastKnownFileType = sourcecode.c.h; path = JSQMessagesCollectionViewDataSource.h; sourceTree = "<group>"; };
		75A7D8D81AA74B7700CD1476 /* JSQMessagesCollectionViewDelegateFlowLayout.h */ = {isa = PBXFileReference; fileEncoding = 4; lastKnownFileType = sourcecode.c.h; path = JSQMessagesCollectionViewDelegateFlowLayout.h; sourceTree = "<group>"; };
		75A7D8D91AA74B7700CD1476 /* JSQPhotoMediaItem.h */ = {isa = PBXFileReference; fileEncoding = 4; lastKnownFileType = sourcecode.c.h; path = JSQPhotoMediaItem.h; sourceTree = "<group>"; };
		75A7D8DA1AA74B7700CD1476 /* JSQPhotoMediaItem.m */ = {isa = PBXFileReference; fileEncoding = 4; lastKnownFileType = sourcecode.c.objc; path = JSQPhotoMediaItem.m; sourceTree = "<group>"; };
		75A7D8DB1AA74B7700CD1476 /* JSQVideoMediaItem.h */ = {isa = PBXFileReference; fileEncoding = 4; lastKnownFileType = sourcecode.c.h; path = JSQVideoMediaItem.h; sourceTree = "<group>"; };
		75A7D8DC1AA74B7700CD1476 /* JSQVideoMediaItem.m */ = {isa = PBXFileReference; fileEncoding = 4; lastKnownFileType = sourcecode.c.objc; path = JSQVideoMediaItem.m; sourceTree = "<group>"; };
		75A7D8DE1AA74B7700CD1476 /* JSQMessagesCellTextView.h */ = {isa = PBXFileReference; fileEncoding = 4; lastKnownFileType = sourcecode.c.h; path = JSQMessagesCellTextView.h; sourceTree = "<group>"; };
		75A7D8DF1AA74B7700CD1476 /* JSQMessagesCellTextView.m */ = {isa = PBXFileReference; fileEncoding = 4; lastKnownFileType = sourcecode.c.objc; path = JSQMessagesCellTextView.m; sourceTree = "<group>"; };
		75A7D8E01AA74B7700CD1476 /* JSQMessagesCollectionView.h */ = {isa = PBXFileReference; fileEncoding = 4; lastKnownFileType = sourcecode.c.h; path = JSQMessagesCollectionView.h; sourceTree = "<group>"; };
		75A7D8E11AA74B7700CD1476 /* JSQMessagesCollectionView.m */ = {isa = PBXFileReference; fileEncoding = 4; lastKnownFileType = sourcecode.c.objc; path = JSQMessagesCollectionView.m; sourceTree = "<group>"; };
		75A7D8E21AA74B7700CD1476 /* JSQMessagesCollectionViewCell.h */ = {isa = PBXFileReference; fileEncoding = 4; lastKnownFileType = sourcecode.c.h; path = JSQMessagesCollectionViewCell.h; sourceTree = "<group>"; };
		75A7D8E31AA74B7700CD1476 /* JSQMessagesCollectionViewCell.m */ = {isa = PBXFileReference; fileEncoding = 4; lastKnownFileType = sourcecode.c.objc; path = JSQMessagesCollectionViewCell.m; sourceTree = "<group>"; };
		75A7D8E41AA74B7700CD1476 /* JSQMessagesCollectionViewCellIncoming.h */ = {isa = PBXFileReference; fileEncoding = 4; lastKnownFileType = sourcecode.c.h; path = JSQMessagesCollectionViewCellIncoming.h; sourceTree = "<group>"; };
		75A7D8E51AA74B7700CD1476 /* JSQMessagesCollectionViewCellIncoming.m */ = {isa = PBXFileReference; fileEncoding = 4; lastKnownFileType = sourcecode.c.objc; path = JSQMessagesCollectionViewCellIncoming.m; sourceTree = "<group>"; };
		75A7D8E61AA74B7700CD1476 /* JSQMessagesCollectionViewCellIncoming.xib */ = {isa = PBXFileReference; fileEncoding = 4; lastKnownFileType = file.xib; path = JSQMessagesCollectionViewCellIncoming.xib; sourceTree = "<group>"; };
		75A7D8E71AA74B7700CD1476 /* JSQMessagesCollectionViewCellOutgoing.h */ = {isa = PBXFileReference; fileEncoding = 4; lastKnownFileType = sourcecode.c.h; path = JSQMessagesCollectionViewCellOutgoing.h; sourceTree = "<group>"; };
		75A7D8E81AA74B7700CD1476 /* JSQMessagesCollectionViewCellOutgoing.m */ = {isa = PBXFileReference; fileEncoding = 4; lastKnownFileType = sourcecode.c.objc; path = JSQMessagesCollectionViewCellOutgoing.m; sourceTree = "<group>"; };
		75A7D8E91AA74B7700CD1476 /* JSQMessagesCollectionViewCellOutgoing.xib */ = {isa = PBXFileReference; fileEncoding = 4; lastKnownFileType = file.xib; path = JSQMessagesCollectionViewCellOutgoing.xib; sourceTree = "<group>"; };
		75A7D8EA1AA74B7700CD1476 /* JSQMessagesComposerTextView.h */ = {isa = PBXFileReference; fileEncoding = 4; lastKnownFileType = sourcecode.c.h; path = JSQMessagesComposerTextView.h; sourceTree = "<group>"; };
		75A7D8EB1AA74B7700CD1476 /* JSQMessagesComposerTextView.m */ = {isa = PBXFileReference; fileEncoding = 4; lastKnownFileType = sourcecode.c.objc; path = JSQMessagesComposerTextView.m; sourceTree = "<group>"; };
		75A7D8EC1AA74B7700CD1476 /* JSQMessagesInputToolbar.h */ = {isa = PBXFileReference; fileEncoding = 4; lastKnownFileType = sourcecode.c.h; path = JSQMessagesInputToolbar.h; sourceTree = "<group>"; };
		75A7D8ED1AA74B7700CD1476 /* JSQMessagesInputToolbar.m */ = {isa = PBXFileReference; fileEncoding = 4; lastKnownFileType = sourcecode.c.objc; path = JSQMessagesInputToolbar.m; sourceTree = "<group>"; };
		75A7D8EE1AA74B7700CD1476 /* JSQMessagesLabel.h */ = {isa = PBXFileReference; fileEncoding = 4; lastKnownFileType = sourcecode.c.h; path = JSQMessagesLabel.h; sourceTree = "<group>"; };
		75A7D8EF1AA74B7700CD1476 /* JSQMessagesLabel.m */ = {isa = PBXFileReference; fileEncoding = 4; lastKnownFileType = sourcecode.c.objc; path = JSQMessagesLabel.m; sourceTree = "<group>"; };
		75A7D8F01AA74B7700CD1476 /* JSQMessagesLoadEarlierHeaderView.h */ = {isa = PBXFileReference; fileEncoding = 4; lastKnownFileType = sourcecode.c.h; path = JSQMessagesLoadEarlierHeaderView.h; sourceTree = "<group>"; };
		75A7D8F11AA74B7700CD1476 /* JSQMessagesLoadEarlierHeaderView.m */ = {isa = PBXFileReference; fileEncoding = 4; lastKnownFileType = sourcecode.c.objc; path = JSQMessagesLoadEarlierHeaderView.m; sourceTree = "<group>"; };
		75A7D8F21AA74B7700CD1476 /* JSQMessagesLoadEarlierHeaderView.xib */ = {isa = PBXFileReference; fileEncoding = 4; lastKnownFileType = file.xib; path = JSQMessagesLoadEarlierHeaderView.xib; sourceTree = "<group>"; };
		75A7D8F31AA74B7700CD1476 /* JSQMessagesMediaPlaceholderView.h */ = {isa = PBXFileReference; fileEncoding = 4; lastKnownFileType = sourcecode.c.h; path = JSQMessagesMediaPlaceholderView.h; sourceTree = "<group>"; };
		75A7D8F41AA74B7700CD1476 /* JSQMessagesMediaPlaceholderView.m */ = {isa = PBXFileReference; fileEncoding = 4; lastKnownFileType = sourcecode.c.objc; path = JSQMessagesMediaPlaceholderView.m; sourceTree = "<group>"; };
		75A7D8F51AA74B7700CD1476 /* JSQMessagesToolbarContentView.h */ = {isa = PBXFileReference; fileEncoding = 4; lastKnownFileType = sourcecode.c.h; path = JSQMessagesToolbarContentView.h; sourceTree = "<group>"; };
		75A7D8F61AA74B7700CD1476 /* JSQMessagesToolbarContentView.m */ = {isa = PBXFileReference; fileEncoding = 4; lastKnownFileType = sourcecode.c.objc; path = JSQMessagesToolbarContentView.m; sourceTree = "<group>"; };
		75A7D8F71AA74B7700CD1476 /* JSQMessagesToolbarContentView.xib */ = {isa = PBXFileReference; fileEncoding = 4; lastKnownFileType = file.xib; path = JSQMessagesToolbarContentView.xib; sourceTree = "<group>"; };
		75A7D8F81AA74B7700CD1476 /* JSQMessagesTypingIndicatorFooterView.h */ = {isa = PBXFileReference; fileEncoding = 4; lastKnownFileType = sourcecode.c.h; path = JSQMessagesTypingIndicatorFooterView.h; sourceTree = "<group>"; };
		75A7D8F91AA74B7700CD1476 /* JSQMessagesTypingIndicatorFooterView.m */ = {isa = PBXFileReference; fileEncoding = 4; lastKnownFileType = sourcecode.c.objc; path = JSQMessagesTypingIndicatorFooterView.m; sourceTree = "<group>"; };
		75A7D8FA1AA74B7700CD1476 /* JSQMessagesTypingIndicatorFooterView.xib */ = {isa = PBXFileReference; fileEncoding = 4; lastKnownFileType = file.xib; path = JSQMessagesTypingIndicatorFooterView.xib; sourceTree = "<group>"; };
		75A7D8FD1AA74B7700CD1476 /* JSQSystemSoundPlayer.h */ = {isa = PBXFileReference; fileEncoding = 4; lastKnownFileType = sourcecode.c.h; path = JSQSystemSoundPlayer.h; sourceTree = "<group>"; };
		75A7D8FE1AA74B7700CD1476 /* JSQSystemSoundPlayer.m */ = {isa = PBXFileReference; fileEncoding = 4; lastKnownFileType = sourcecode.c.objc; path = JSQSystemSoundPlayer.m; sourceTree = "<group>"; };
		75AA5F4C1AA1C1A700714461 /* ProfileViewController.swift */ = {isa = PBXFileReference; fileEncoding = 4; lastKnownFileType = sourcecode.swift; path = ProfileViewController.swift; sourceTree = "<group>"; };
		75ED5A131AA0E2E800534878 /* AudioToolbox.framework */ = {isa = PBXFileReference; lastKnownFileType = wrapper.framework; name = AudioToolbox.framework; path = System/Library/Frameworks/AudioToolbox.framework; sourceTree = SDKROOT; };
		75ED5A151AA0E50400534878 /* FireBaseViewController.swift */ = {isa = PBXFileReference; fileEncoding = 4; lastKnownFileType = sourcecode.swift; path = FireBaseViewController.swift; sourceTree = "<group>"; };
		75ED5A191AA0E6AF00534878 /* Message.swift */ = {isa = PBXFileReference; fileEncoding = 4; lastKnownFileType = sourcecode.swift; path = Message.swift; sourceTree = "<group>"; };
		75ED5A1D1AA1000C00534878 /* SweetAlert.swift */ = {isa = PBXFileReference; fileEncoding = 4; lastKnownFileType = sourcecode.swift; path = SweetAlert.swift; sourceTree = "<group>"; };
		B88315FC81C079823125FBFF /* Pods.release.xcconfig */ = {isa = PBXFileReference; includeInIndex = 1; lastKnownFileType = text.xcconfig; name = Pods.release.xcconfig; path = "Pods/Target Support Files/Pods/Pods.release.xcconfig"; sourceTree = "<group>"; };
/* End PBXFileReference section */

/* Begin PBXFrameworksBuildPhase section */
		758701D91A9F31B00091C963 /* Frameworks */ = {
			isa = PBXFrameworksBuildPhase;
			buildActionMask = 2147483647;
			files = (
				75ED5A141AA0E2E800534878 /* AudioToolbox.framework in Frameworks */,
				B46E8071E7EC23C400A3FA1B /* Pods.framework in Frameworks */,
			);
			runOnlyForDeploymentPostprocessing = 0;
		};
		758701F11A9F31B00091C963 /* Frameworks */ = {
			isa = PBXFrameworksBuildPhase;
			buildActionMask = 2147483647;
			files = (
			);
			runOnlyForDeploymentPostprocessing = 0;
		};
/* End PBXFrameworksBuildPhase section */

/* Begin PBXGroup section */
		6C4456357BCE57660C214694 /* Pods */ = {
			isa = PBXGroup;
			children = (
				725FACBB6B37C9DB3A170548 /* Pods.debug.xcconfig */,
				B88315FC81C079823125FBFF /* Pods.release.xcconfig */,
			);
			name = Pods;
			sourceTree = "<group>";
		};
		7503E3531AA1C83900426224 /* Source */ = {
			isa = PBXGroup;
			children = (
				7503E3541AA1C83900426224 /* cells */,
				7503E3621AA1C83900426224 /* controllers */,
				7503E3661AA1C83900426224 /* descriptors */,
			);
			path = Source;
			sourceTree = "<group>";
		};
		7503E3541AA1C83900426224 /* cells */ = {
			isa = PBXGroup;
			children = (
				7503E3551AA1C83900426224 /* base */,
				7503E3591AA1C83900426224 /* FormButtonCell.swift */,
				7503E35A1AA1C83900426224 /* FormCheckCell.swift */,
				7503E35B1AA1C83900426224 /* FormDateCell.swift */,
				7503E35C1AA1C83900426224 /* FormPickerCell.swift */,
				7503E35D1AA1C83900426224 /* FormSegmentedControlCell.swift */,
				7503E35E1AA1C83900426224 /* FormSelectorCell.swift */,
				7503E35F1AA1C83900426224 /* FormSwitchCell.swift */,
				7503E3601AA1C83900426224 /* FormTextFieldCell.swift */,
				7503E3611AA1C83900426224 /* FormTextViewCell.swift */,
			);
			path = cells;
			sourceTree = "<group>";
		};
		7503E3551AA1C83900426224 /* base */ = {
			isa = PBXGroup;
			children = (
				7503E3561AA1C83900426224 /* FormBaseCell.swift */,
				7503E3571AA1C83900426224 /* FormTitleCell.swift */,
				7503E3581AA1C83900426224 /* FormValueCell.swift */,
			);
			path = base;
			sourceTree = "<group>";
		};
		7503E3621AA1C83900426224 /* controllers */ = {
			isa = PBXGroup;
			children = (
				7503E3631AA1C83900426224 /* FormOptionsSelectorController.swift */,
				7503E3641AA1C83900426224 /* FormSelector.swift */,
				7503E3651AA1C83900426224 /* FormViewController.swift */,
			);
			path = controllers;
			sourceTree = "<group>";
		};
		7503E3661AA1C83900426224 /* descriptors */ = {
			isa = PBXGroup;
			children = (
				7503E3671AA1C83900426224 /* FormDescriptor.swift */,
				7503E3681AA1C83900426224 /* FormRowDescriptor.swift */,
				7503E3691AA1C83900426224 /* FormSectionDescriptor.swift */,
			);
			path = descriptors;
			sourceTree = "<group>";
		};
		758701D31A9F31B00091C963 = {
			isa = PBXGroup;
			children = (
				75A7D88E1AA74B7700CD1476 /* JSQMessagesViewController */,
				75A7D8FB1AA74B7700CD1476 /* JSQSystemSoundPlayer */,
				758701DE1A9F31B00091C963 /* Cfast */,
				758701F71A9F31B00091C963 /* CfastTests */,
				758701DD1A9F31B00091C963 /* Products */,
				6C4456357BCE57660C214694 /* Pods */,
				BE0A61E73040FB0CD0C6904F /* Frameworks */,
			);
			sourceTree = "<group>";
		};
		758701DD1A9F31B00091C963 /* Products */ = {
			isa = PBXGroup;
			children = (
				758701DC1A9F31B00091C963 /* Cfast.app */,
				758701F41A9F31B00091C963 /* CfastTests.xctest */,
			);
			name = Products;
			sourceTree = "<group>";
		};
		758701DE1A9F31B00091C963 /* Cfast */ = {
			isa = PBXGroup;
			children = (
				758701E11A9F31B00091C963 /* AppDelegate.swift */,
				758701E61A9F31B00091C963 /* ViewController.swift */,
				75ED5A1D1AA1000C00534878 /* SweetAlert.swift */,
				7503E3531AA1C83900426224 /* Source */,
				758701E81A9F31B00091C963 /* Main.storyboard */,
				75AA5F4C1AA1C1A700714461 /* ProfileViewController.swift */,
				75ED5A151AA0E50400534878 /* FireBaseViewController.swift */,
				75ED5A191AA0E6AF00534878 /* Message.swift */,
				756BEDA01A9F6A1C00954040 /* homeViewController.swift */,
				758701EB1A9F31B00091C963 /* Images.xcassets */,
				758701ED1A9F31B00091C963 /* LaunchScreen.xib */,
				758701E31A9F31B00091C963 /* Cfast.xcdatamodeld */,
				758701DF1A9F31B00091C963 /* Supporting Files */,
				759C36101AA0CEFA004A00CB /* Cfast-Bridging-Header.h */,
			);
			path = Cfast;
			sourceTree = "<group>";
		};
		758701DF1A9F31B00091C963 /* Supporting Files */ = {
			isa = PBXGroup;
			children = (
				758701E01A9F31B00091C963 /* Info.plist */,
			);
			name = "Supporting Files";
			sourceTree = "<group>";
		};
		758701F71A9F31B00091C963 /* CfastTests */ = {
			isa = PBXGroup;
			children = (
				758701FA1A9F31B00091C963 /* CfastTests.swift */,
				758701F81A9F31B00091C963 /* Supporting Files */,
			);
			path = CfastTests;
			sourceTree = "<group>";
		};
		758701F81A9F31B00091C963 /* Supporting Files */ = {
			isa = PBXGroup;
			children = (
				758701F91A9F31B00091C963 /* Info.plist */,
			);
			name = "Supporting Files";
			sourceTree = "<group>";
		};
		75A7D88E1AA74B7700CD1476 /* JSQMessagesViewController */ = {
			isa = PBXGroup;
			children = (
				75A7D88F1AA74B7700CD1476 /* Assets */,
				75A7D8A21AA74B7700CD1476 /* Categories */,
				75A7D8AF1AA74B7700CD1476 /* Controllers */,
				75A7D8B51AA74B7700CD1476 /* Factories */,
				75A7D8C01AA74B7700CD1476 /* JSQMessages.h */,
				75A7D8C11AA74B7700CD1476 /* Layout */,
				75A7D8C81AA74B7700CD1476 /* Model */,
				75A7D8DD1AA74B7700CD1476 /* Views */,
			);
			path = JSQMessagesViewController;
			sourceTree = "<group>";
		};
		75A7D88F1AA74B7700CD1476 /* Assets */ = {
			isa = PBXGroup;
			children = (
				75A7D8901AA74B7700CD1476 /* JSQMessagesAssets.bundle */,
				75A7D8911AA74B7700CD1476 /* Strings */,
			);
			path = Assets;
			sourceTree = "<group>";
		};
		75A7D8911AA74B7700CD1476 /* Strings */ = {
			isa = PBXGroup;
			children = (
				75A7D8921AA74B7700CD1476 /* JSQMessages.strings */,
			);
			path = Strings;
			sourceTree = "<group>";
		};
		75A7D8A21AA74B7700CD1476 /* Categories */ = {
			isa = PBXGroup;
			children = (
				75A7D8A31AA74B7700CD1476 /* JSQSystemSoundPlayer+JSQMessages.h */,
				75A7D8A41AA74B7700CD1476 /* JSQSystemSoundPlayer+JSQMessages.m */,
				75A7D8A51AA74B7700CD1476 /* NSString+JSQMessages.h */,
				75A7D8A61AA74B7700CD1476 /* NSString+JSQMessages.m */,
				75A7D8A71AA74B7700CD1476 /* UIColor+JSQMessages.h */,
				75A7D8A81AA74B7700CD1476 /* UIColor+JSQMessages.m */,
				75A7D8A91AA74B7700CD1476 /* UIDevice+JSQMessages.h */,
				75A7D8AA1AA74B7700CD1476 /* UIDevice+JSQMessages.m */,
				75A7D8AB1AA74B7700CD1476 /* UIImage+JSQMessages.h */,
				75A7D8AC1AA74B7700CD1476 /* UIImage+JSQMessages.m */,
				75A7D8AD1AA74B7700CD1476 /* UIView+JSQMessages.h */,
				75A7D8AE1AA74B7700CD1476 /* UIView+JSQMessages.m */,
			);
			path = Categories;
			sourceTree = "<group>";
		};
		75A7D8AF1AA74B7700CD1476 /* Controllers */ = {
			isa = PBXGroup;
			children = (
				75A7D8B01AA74B7700CD1476 /* JSQMessagesKeyboardController.h */,
				75A7D8B11AA74B7700CD1476 /* JSQMessagesKeyboardController.m */,
				75A7D8B21AA74B7700CD1476 /* JSQMessagesViewController.h */,
				75A7D8B31AA74B7700CD1476 /* JSQMessagesViewController.m */,
				75A7D8B41AA74B7700CD1476 /* JSQMessagesViewController.xib */,
			);
			path = Controllers;
			sourceTree = "<group>";
		};
		75A7D8B51AA74B7700CD1476 /* Factories */ = {
			isa = PBXGroup;
			children = (
				75A7D8B61AA74B7700CD1476 /* JSQMessagesAvatarImageFactory.h */,
				75A7D8B71AA74B7700CD1476 /* JSQMessagesAvatarImageFactory.m */,
				75A7D8B81AA74B7700CD1476 /* JSQMessagesBubbleImageFactory.h */,
				75A7D8B91AA74B7700CD1476 /* JSQMessagesBubbleImageFactory.m */,
				75A7D8BA1AA74B7700CD1476 /* JSQMessagesMediaViewBubbleImageMasker.h */,
				75A7D8BB1AA74B7700CD1476 /* JSQMessagesMediaViewBubbleImageMasker.m */,
				75A7D8BC1AA74B7700CD1476 /* JSQMessagesTimestampFormatter.h */,
				75A7D8BD1AA74B7700CD1476 /* JSQMessagesTimestampFormatter.m */,
				75A7D8BE1AA74B7700CD1476 /* JSQMessagesToolbarButtonFactory.h */,
				75A7D8BF1AA74B7700CD1476 /* JSQMessagesToolbarButtonFactory.m */,
			);
			path = Factories;
			sourceTree = "<group>";
		};
		75A7D8C11AA74B7700CD1476 /* Layout */ = {
			isa = PBXGroup;
			children = (
				75A7D8C21AA74B7700CD1476 /* JSQMessagesCollectionViewFlowLayout.h */,
				75A7D8C31AA74B7700CD1476 /* JSQMessagesCollectionViewFlowLayout.m */,
				75A7D8C41AA74B7700CD1476 /* JSQMessagesCollectionViewFlowLayoutInvalidationContext.h */,
				75A7D8C51AA74B7700CD1476 /* JSQMessagesCollectionViewFlowLayoutInvalidationContext.m */,
				75A7D8C61AA74B7700CD1476 /* JSQMessagesCollectionViewLayoutAttributes.h */,
				75A7D8C71AA74B7700CD1476 /* JSQMessagesCollectionViewLayoutAttributes.m */,
			);
			path = Layout;
			sourceTree = "<group>";
		};
		75A7D8C81AA74B7700CD1476 /* Model */ = {
			isa = PBXGroup;
			children = (
				75A7D8C91AA74B7700CD1476 /* JSQLocationMediaItem.h */,
				75A7D8CA1AA74B7700CD1476 /* JSQLocationMediaItem.m */,
				75A7D8CB1AA74B7700CD1476 /* JSQMediaItem.h */,
				75A7D8CC1AA74B7700CD1476 /* JSQMediaItem.m */,
				75A7D8CD1AA74B7700CD1476 /* JSQMessage.h */,
				75A7D8CE1AA74B7700CD1476 /* JSQMessage.m */,
				75A7D8CF1AA74B7700CD1476 /* JSQMessageAvatarImageDataSource.h */,
				75A7D8D01AA74B7700CD1476 /* JSQMessageBubbleImageDataSource.h */,
				75A7D8D11AA74B7700CD1476 /* JSQMessageData.h */,
				75A7D8D21AA74B7700CD1476 /* JSQMessageMediaData.h */,
				75A7D8D31AA74B7700CD1476 /* JSQMessagesAvatarImage.h */,
				75A7D8D41AA74B7700CD1476 /* JSQMessagesAvatarImage.m */,
				75A7D8D51AA74B7700CD1476 /* JSQMessagesBubbleImage.h */,
				75A7D8D61AA74B7700CD1476 /* JSQMessagesBubbleImage.m */,
				75A7D8D71AA74B7700CD1476 /* JSQMessagesCollectionViewDataSource.h */,
				75A7D8D81AA74B7700CD1476 /* JSQMessagesCollectionViewDelegateFlowLayout.h */,
				75A7D8D91AA74B7700CD1476 /* JSQPhotoMediaItem.h */,
				75A7D8DA1AA74B7700CD1476 /* JSQPhotoMediaItem.m */,
				75A7D8DB1AA74B7700CD1476 /* JSQVideoMediaItem.h */,
				75A7D8DC1AA74B7700CD1476 /* JSQVideoMediaItem.m */,
			);
			path = Model;
			sourceTree = "<group>";
		};
		75A7D8DD1AA74B7700CD1476 /* Views */ = {
			isa = PBXGroup;
			children = (
				75A7D8DE1AA74B7700CD1476 /* JSQMessagesCellTextView.h */,
				75A7D8DF1AA74B7700CD1476 /* JSQMessagesCellTextView.m */,
				75A7D8E01AA74B7700CD1476 /* JSQMessagesCollectionView.h */,
				75A7D8E11AA74B7700CD1476 /* JSQMessagesCollectionView.m */,
				75A7D8E21AA74B7700CD1476 /* JSQMessagesCollectionViewCell.h */,
				75A7D8E31AA74B7700CD1476 /* JSQMessagesCollectionViewCell.m */,
				75A7D8E41AA74B7700CD1476 /* JSQMessagesCollectionViewCellIncoming.h */,
				75A7D8E51AA74B7700CD1476 /* JSQMessagesCollectionViewCellIncoming.m */,
				75A7D8E61AA74B7700CD1476 /* JSQMessagesCollectionViewCellIncoming.xib */,
				75A7D8E71AA74B7700CD1476 /* JSQMessagesCollectionViewCellOutgoing.h */,
				75A7D8E81AA74B7700CD1476 /* JSQMessagesCollectionViewCellOutgoing.m */,
				75A7D8E91AA74B7700CD1476 /* JSQMessagesCollectionViewCellOutgoing.xib */,
				75A7D8EA1AA74B7700CD1476 /* JSQMessagesComposerTextView.h */,
				75A7D8EB1AA74B7700CD1476 /* JSQMessagesComposerTextView.m */,
				75A7D8EC1AA74B7700CD1476 /* JSQMessagesInputToolbar.h */,
				75A7D8ED1AA74B7700CD1476 /* JSQMessagesInputToolbar.m */,
				75A7D8EE1AA74B7700CD1476 /* JSQMessagesLabel.h */,
				75A7D8EF1AA74B7700CD1476 /* JSQMessagesLabel.m */,
				75A7D8F01AA74B7700CD1476 /* JSQMessagesLoadEarlierHeaderView.h */,
				75A7D8F11AA74B7700CD1476 /* JSQMessagesLoadEarlierHeaderView.m */,
				75A7D8F21AA74B7700CD1476 /* JSQMessagesLoadEarlierHeaderView.xib */,
				75A7D8F31AA74B7700CD1476 /* JSQMessagesMediaPlaceholderView.h */,
				75A7D8F41AA74B7700CD1476 /* JSQMessagesMediaPlaceholderView.m */,
				75A7D8F51AA74B7700CD1476 /* JSQMessagesToolbarContentView.h */,
				75A7D8F61AA74B7700CD1476 /* JSQMessagesToolbarContentView.m */,
				75A7D8F71AA74B7700CD1476 /* JSQMessagesToolbarContentView.xib */,
				75A7D8F81AA74B7700CD1476 /* JSQMessagesTypingIndicatorFooterView.h */,
				75A7D8F91AA74B7700CD1476 /* JSQMessagesTypingIndicatorFooterView.m */,
				75A7D8FA1AA74B7700CD1476 /* JSQMessagesTypingIndicatorFooterView.xib */,
			);
			path = Views;
			sourceTree = "<group>";
		};
		75A7D8FB1AA74B7700CD1476 /* JSQSystemSoundPlayer */ = {
			isa = PBXGroup;
			children = (
				75A7D8FC1AA74B7700CD1476 /* Classes */,
			);
			path = JSQSystemSoundPlayer;
			sourceTree = "<group>";
		};
		75A7D8FC1AA74B7700CD1476 /* Classes */ = {
			isa = PBXGroup;
			children = (
				75A7D8FD1AA74B7700CD1476 /* JSQSystemSoundPlayer.h */,
				75A7D8FE1AA74B7700CD1476 /* JSQSystemSoundPlayer.m */,
			);
			path = Classes;
			sourceTree = "<group>";
		};
		BE0A61E73040FB0CD0C6904F /* Frameworks */ = {
			isa = PBXGroup;
			children = (
				75ED5A131AA0E2E800534878 /* AudioToolbox.framework */,
				236426DEA956E53555D3E93B /* Pods.framework */,
			);
			name = Frameworks;
			sourceTree = "<group>";
		};
/* End PBXGroup section */

/* Begin PBXNativeTarget section */
		758701DB1A9F31B00091C963 /* Cfast */ = {
			isa = PBXNativeTarget;
			buildConfigurationList = 758701FE1A9F31B00091C963 /* Build configuration list for PBXNativeTarget "Cfast" */;
			buildPhases = (
				55F1B10025643F449A94CD43 /* Check Pods Manifest.lock */,
				758701D81A9F31B00091C963 /* Sources */,
				758701D91A9F31B00091C963 /* Frameworks */,
				758701DA1A9F31B00091C963 /* Resources */,
				49598E6C5A8E9E57E7859EA0 /* Embed Pods Frameworks */,
				44F74FC35A3DB15ABDADB647 /* Copy Pods Resources */,
			);
			buildRules = (
			);
			dependencies = (
			);
			name = Cfast;
			productName = Cfast;
			productReference = 758701DC1A9F31B00091C963 /* Cfast.app */;
			productType = "com.apple.product-type.application";
		};
		758701F31A9F31B00091C963 /* CfastTests */ = {
			isa = PBXNativeTarget;
			buildConfigurationList = 758702011A9F31B00091C963 /* Build configuration list for PBXNativeTarget "CfastTests" */;
			buildPhases = (
				758701F01A9F31B00091C963 /* Sources */,
				758701F11A9F31B00091C963 /* Frameworks */,
				758701F21A9F31B00091C963 /* Resources */,
			);
			buildRules = (
			);
			dependencies = (
				758701F61A9F31B00091C963 /* PBXTargetDependency */,
			);
			name = CfastTests;
			productName = CfastTests;
			productReference = 758701F41A9F31B00091C963 /* CfastTests.xctest */;
			productType = "com.apple.product-type.bundle.unit-test";
		};
/* End PBXNativeTarget section */

/* Begin PBXProject section */
		758701D41A9F31B00091C963 /* Project object */ = {
			isa = PBXProject;
			attributes = {
				LastUpgradeCheck = 0610;
				ORGANIZATIONNAME = Cfast;
				TargetAttributes = {
					758701DB1A9F31B00091C963 = {
						CreatedOnToolsVersion = 6.1.1;
					};
					758701F31A9F31B00091C963 = {
						CreatedOnToolsVersion = 6.1.1;
						TestTargetID = 758701DB1A9F31B00091C963;
					};
				};
			};
			buildConfigurationList = 758701D71A9F31B00091C963 /* Build configuration list for PBXProject "Cfast" */;
			compatibilityVersion = "Xcode 3.2";
			developmentRegion = English;
			hasScannedForEncodings = 0;
			knownRegions = (
				en,
				Base,
				de,
				es,
				fr,
				he,
				it,
				nl,
				pl,
				pt,
				ro,
				ru,
				tr,
				"zh-Hans",
				"zh-Hant",
			);
			mainGroup = 758701D31A9F31B00091C963;
			productRefGroup = 758701DD1A9F31B00091C963 /* Products */;
			projectDirPath = "";
			projectRoot = "";
			targets = (
				758701DB1A9F31B00091C963 /* Cfast */,
				758701F31A9F31B00091C963 /* CfastTests */,
			);
		};
/* End PBXProject section */

/* Begin PBXResourcesBuildPhase section */
		758701DA1A9F31B00091C963 /* Resources */ = {
			isa = PBXResourcesBuildPhase;
			buildActionMask = 2147483647;
			files = (
				758701EA1A9F31B00091C963 /* Main.storyboard in Resources */,
				75A7D91D1AA74B7700CD1476 /* JSQMessagesCollectionViewCellIncoming.xib in Resources */,
				75A7D8FF1AA74B7700CD1476 /* JSQMessagesAssets.bundle in Resources */,
				75A7D91F1AA74B7700CD1476 /* JSQMessagesCollectionViewCellOutgoing.xib in Resources */,
				758701EF1A9F31B00091C963 /* LaunchScreen.xib in Resources */,
				758701EC1A9F31B00091C963 /* Images.xcassets in Resources */,
				75A7D9291AA74B7700CD1476 /* JSQMessagesTypingIndicatorFooterView.xib in Resources */,
				75A7D9001AA74B7700CD1476 /* JSQMessages.strings in Resources */,
				75A7D9271AA74B7700CD1476 /* JSQMessagesToolbarContentView.xib in Resources */,
				75A7D9091AA74B7700CD1476 /* JSQMessagesViewController.xib in Resources */,
				75A7D9241AA74B7700CD1476 /* JSQMessagesLoadEarlierHeaderView.xib in Resources */,
			);
			runOnlyForDeploymentPostprocessing = 0;
		};
		758701F21A9F31B00091C963 /* Resources */ = {
			isa = PBXResourcesBuildPhase;
			buildActionMask = 2147483647;
			files = (
			);
			runOnlyForDeploymentPostprocessing = 0;
		};
/* End PBXResourcesBuildPhase section */

/* Begin PBXShellScriptBuildPhase section */
		44F74FC35A3DB15ABDADB647 /* Copy Pods Resources */ = {
			isa = PBXShellScriptBuildPhase;
			buildActionMask = 2147483647;
			files = (
			);
			inputPaths = (
			);
			name = "Copy Pods Resources";
			outputPaths = (
			);
			runOnlyForDeploymentPostprocessing = 0;
			shellPath = /bin/sh;
			shellScript = "\"${SRCROOT}/Pods/Target Support Files/Pods/Pods-resources.sh\"\n";
			showEnvVarsInLog = 0;
		};
		49598E6C5A8E9E57E7859EA0 /* Embed Pods Frameworks */ = {
			isa = PBXShellScriptBuildPhase;
			buildActionMask = 2147483647;
			files = (
			);
			inputPaths = (
			);
			name = "Embed Pods Frameworks";
			outputPaths = (
			);
			runOnlyForDeploymentPostprocessing = 0;
			shellPath = /bin/sh;
			shellScript = "\"${SRCROOT}/Pods/Target Support Files/Pods/Pods-frameworks.sh\"\n";
			showEnvVarsInLog = 0;
		};
		55F1B10025643F449A94CD43 /* Check Pods Manifest.lock */ = {
			isa = PBXShellScriptBuildPhase;
			buildActionMask = 2147483647;
			files = (
			);
			inputPaths = (
			);
			name = "Check Pods Manifest.lock";
			outputPaths = (
			);
			runOnlyForDeploymentPostprocessing = 0;
			shellPath = /bin/sh;
			shellScript = "diff \"${PODS_ROOT}/../Podfile.lock\" \"${PODS_ROOT}/Manifest.lock\" > /dev/null\nif [[ $? != 0 ]] ; then\n    cat << EOM\nerror: The sandbox is not in sync with the Podfile.lock. Run 'pod install' or update your CocoaPods installation.\nEOM\n    exit 1\nfi\n";
			showEnvVarsInLog = 0;
		};
/* End PBXShellScriptBuildPhase section */

/* Begin PBXSourcesBuildPhase section */
		758701D81A9F31B00091C963 /* Sources */ = {
			isa = PBXSourcesBuildPhase;
			buildActionMask = 2147483647;
			files = (
				75ED5A161AA0E50400534878 /* FireBaseViewController.swift in Sources */,
				75A7D91E1AA74B7700CD1476 /* JSQMessagesCollectionViewCellOutgoing.m in Sources */,
				75A7D9071AA74B7700CD1476 /* JSQMessagesKeyboardController.m in Sources */,
				75A7D9131AA74B7700CD1476 /* JSQMediaItem.m in Sources */,
				7503E36A1AA1C83900426224 /* FormBaseCell.swift in Sources */,
				75A7D90F1AA74B7700CD1476 /* JSQMessagesCollectionViewFlowLayout.m in Sources */,
				75A7D9021AA74B7700CD1476 /* NSString+JSQMessages.m in Sources */,
				7503E3791AA1C83900426224 /* FormDescriptor.swift in Sources */,
				7503E3761AA1C83900426224 /* FormOptionsSelectorController.swift in Sources */,
				758701E71A9F31B00091C963 /* ViewController.swift in Sources */,
				7503E3721AA1C83900426224 /* FormSelectorCell.swift in Sources */,
				75A7D91C1AA74B7700CD1476 /* JSQMessagesCollectionViewCellIncoming.m in Sources */,
				7503E36D1AA1C83900426224 /* FormButtonCell.swift in Sources */,
				7503E3731AA1C83900426224 /* FormSwitchCell.swift in Sources */,
				75A7D9141AA74B7700CD1476 /* JSQMessage.m in Sources */,
				758701E21A9F31B00091C963 /* AppDelegate.swift in Sources */,
				75A7D9031AA74B7700CD1476 /* UIColor+JSQMessages.m in Sources */,
				7503E36E1AA1C83900426224 /* FormCheckCell.swift in Sources */,
				7503E36B1AA1C83900426224 /* FormTitleCell.swift in Sources */,
				75A7D9231AA74B7700CD1476 /* JSQMessagesLoadEarlierHeaderView.m in Sources */,
				75A7D9251AA74B7700CD1476 /* JSQMessagesMediaPlaceholderView.m in Sources */,
				75A7D9121AA74B7700CD1476 /* JSQLocationMediaItem.m in Sources */,
				75A7D90D1AA74B7700CD1476 /* JSQMessagesTimestampFormatter.m in Sources */,
				75A7D9211AA74B7700CD1476 /* JSQMessagesInputToolbar.m in Sources */,
				75A7D91B1AA74B7700CD1476 /* JSQMessagesCollectionViewCell.m in Sources */,
				75A7D9101AA74B7700CD1476 /* JSQMessagesCollectionViewFlowLayoutInvalidationContext.m in Sources */,
				75A7D90C1AA74B7700CD1476 /* JSQMessagesMediaViewBubbleImageMasker.m in Sources */,
				75ED5A1A1AA0E6AF00534878 /* Message.swift in Sources */,
				75A7D9191AA74B7700CD1476 /* JSQMessagesCellTextView.m in Sources */,
				75A7D9041AA74B7700CD1476 /* UIDevice+JSQMessages.m in Sources */,
				75A7D9221AA74B7700CD1476 /* JSQMessagesLabel.m in Sources */,
				75A7D9011AA74B7700CD1476 /* JSQSystemSoundPlayer+JSQMessages.m in Sources */,
				7503E37B1AA1C83900426224 /* FormSectionDescriptor.swift in Sources */,
				7503E36C1AA1C83900426224 /* FormValueCell.swift in Sources */,
				75A7D9081AA74B7700CD1476 /* JSQMessagesViewController.m in Sources */,
				75A7D9051AA74B7700CD1476 /* UIImage+JSQMessages.m in Sources */,
				75A7D9161AA74B7700CD1476 /* JSQMessagesBubbleImage.m in Sources */,
				75A7D9261AA74B7700CD1476 /* JSQMessagesToolbarContentView.m in Sources */,
				758701E51A9F31B00091C963 /* Cfast.xcdatamodeld in Sources */,
				7503E3781AA1C83900426224 /* FormViewController.swift in Sources */,
				7503E3711AA1C83900426224 /* FormSegmentedControlCell.swift in Sources */,
				75A7D91A1AA74B7700CD1476 /* JSQMessagesCollectionView.m in Sources */,
				75A7D9281AA74B7700CD1476 /* JSQMessagesTypingIndicatorFooterView.m in Sources */,
				7503E3701AA1C83900426224 /* FormPickerCell.swift in Sources */,
				75A7D90E1AA74B7700CD1476 /* JSQMessagesToolbarButtonFactory.m in Sources */,
				7503E3741AA1C83900426224 /* FormTextFieldCell.swift in Sources */,
				75ED5A1E1AA1000C00534878 /* SweetAlert.swift in Sources */,
				75A7D9181AA74B7700CD1476 /* JSQVideoMediaItem.m in Sources */,
				75A7D9061AA74B7700CD1476 /* UIView+JSQMessages.m in Sources */,
				75A7D9171AA74B7700CD1476 /* JSQPhotoMediaItem.m in Sources */,
				7503E36F1AA1C83900426224 /* FormDateCell.swift in Sources */,
				75A7D9151AA74B7700CD1476 /* JSQMessagesAvatarImage.m in Sources */,
				75A7D92A1AA74B7700CD1476 /* JSQSystemSoundPlayer.m in Sources */,
				7503E3751AA1C83900426224 /* FormTextViewCell.swift in Sources */,
				75AA5F4D1AA1C1A700714461 /* ProfileViewController.swift in Sources */,
				75A7D90B1AA74B7700CD1476 /* JSQMessagesBubbleImageFactory.m in Sources */,
				75A7D90A1AA74B7700CD1476 /* JSQMessagesAvatarImageFactory.m in Sources */,
				75A7D9111AA74B7700CD1476 /* JSQMessagesCollectionViewLayoutAttributes.m in Sources */,
				75A7D9201AA74B7700CD1476 /* JSQMessagesComposerTextView.m in Sources */,
				7503E3771AA1C83900426224 /* FormSelector.swift in Sources */,
				756BEDA11A9F6A1C00954040 /* homeViewController.swift in Sources */,
				7503E37A1AA1C83900426224 /* FormRowDescriptor.swift in Sources */,
			);
			runOnlyForDeploymentPostprocessing = 0;
		};
		758701F01A9F31B00091C963 /* Sources */ = {
			isa = PBXSourcesBuildPhase;
			buildActionMask = 2147483647;
			files = (
				758701FB1A9F31B00091C963 /* CfastTests.swift in Sources */,
			);
			runOnlyForDeploymentPostprocessing = 0;
		};
/* End PBXSourcesBuildPhase section */

/* Begin PBXTargetDependency section */
		758701F61A9F31B00091C963 /* PBXTargetDependency */ = {
			isa = PBXTargetDependency;
			target = 758701DB1A9F31B00091C963 /* Cfast */;
			targetProxy = 758701F51A9F31B00091C963 /* PBXContainerItemProxy */;
		};
/* End PBXTargetDependency section */

/* Begin PBXVariantGroup section */
		758701E81A9F31B00091C963 /* Main.storyboard */ = {
			isa = PBXVariantGroup;
			children = (
				758701E91A9F31B00091C963 /* Base */,
			);
			name = Main.storyboard;
			sourceTree = "<group>";
		};
		758701ED1A9F31B00091C963 /* LaunchScreen.xib */ = {
			isa = PBXVariantGroup;
			children = (
				758701EE1A9F31B00091C963 /* Base */,
			);
			name = LaunchScreen.xib;
			sourceTree = "<group>";
		};
		75A7D8921AA74B7700CD1476 /* JSQMessages.strings */ = {
			isa = PBXVariantGroup;
			children = (
				75A7D8931AA74B7700CD1476 /* Base */,
				75A7D8941AA74B7700CD1476 /* de */,
				75A7D8951AA74B7700CD1476 /* en */,
				75A7D8961AA74B7700CD1476 /* es */,
				75A7D8971AA74B7700CD1476 /* fr */,
				75A7D8981AA74B7700CD1476 /* he */,
				75A7D8991AA74B7700CD1476 /* it */,
				75A7D89A1AA74B7700CD1476 /* nl */,
				75A7D89B1AA74B7700CD1476 /* pl */,
				75A7D89C1AA74B7700CD1476 /* pt */,
				75A7D89D1AA74B7700CD1476 /* ro */,
				75A7D89E1AA74B7700CD1476 /* ru */,
				75A7D89F1AA74B7700CD1476 /* tr */,
				75A7D8A01AA74B7700CD1476 /* zh-Hans */,
				75A7D8A11AA74B7700CD1476 /* zh-Hant */,
			);
			name = JSQMessages.strings;
			sourceTree = "<group>";
		};
/* End PBXVariantGroup section */

/* Begin XCBuildConfiguration section */
		758701FC1A9F31B00091C963 /* Debug */ = {
			isa = XCBuildConfiguration;
			buildSettings = {
				ALWAYS_SEARCH_USER_PATHS = NO;
				CLANG_CXX_LANGUAGE_STANDARD = "gnu++0x";
				CLANG_CXX_LIBRARY = "libc++";
				CLANG_ENABLE_MODULES = YES;
				CLANG_ENABLE_OBJC_ARC = YES;
				CLANG_WARN_BOOL_CONVERSION = YES;
				CLANG_WARN_CONSTANT_CONVERSION = YES;
				CLANG_WARN_DIRECT_OBJC_ISA_USAGE = YES_ERROR;
				CLANG_WARN_EMPTY_BODY = YES;
				CLANG_WARN_ENUM_CONVERSION = YES;
				CLANG_WARN_INT_CONVERSION = YES;
				CLANG_WARN_OBJC_ROOT_CLASS = YES_ERROR;
				CLANG_WARN_UNREACHABLE_CODE = YES;
				CLANG_WARN__DUPLICATE_METHOD_MATCH = YES;
				"CODE_SIGN_IDENTITY[sdk=iphoneos*]" = "iPhone Developer";
				COPY_PHASE_STRIP = NO;
				ENABLE_STRICT_OBJC_MSGSEND = YES;
				GCC_C_LANGUAGE_STANDARD = gnu99;
				GCC_DYNAMIC_NO_PIC = NO;
				GCC_OPTIMIZATION_LEVEL = 0;
				GCC_PREPROCESSOR_DEFINITIONS = (
					"DEBUG=1",
					"$(inherited)",
				);
				GCC_SYMBOLS_PRIVATE_EXTERN = NO;
				GCC_WARN_64_TO_32_BIT_CONVERSION = YES;
				GCC_WARN_ABOUT_RETURN_TYPE = YES_ERROR;
				GCC_WARN_UNDECLARED_SELECTOR = YES;
				GCC_WARN_UNINITIALIZED_AUTOS = YES_AGGRESSIVE;
				GCC_WARN_UNUSED_FUNCTION = YES;
				GCC_WARN_UNUSED_VARIABLE = YES;
				IPHONEOS_DEPLOYMENT_TARGET = 8.1;
				MTL_ENABLE_DEBUG_INFO = YES;
				ONLY_ACTIVE_ARCH = YES;
				SDKROOT = iphoneos;
				SWIFT_OPTIMIZATION_LEVEL = "-Onone";
				TARGETED_DEVICE_FAMILY = "1,2";
			};
			name = Debug;
		};
		758701FD1A9F31B00091C963 /* Release */ = {
			isa = XCBuildConfiguration;
			buildSettings = {
				ALWAYS_SEARCH_USER_PATHS = NO;
				CLANG_CXX_LANGUAGE_STANDARD = "gnu++0x";
				CLANG_CXX_LIBRARY = "libc++";
				CLANG_ENABLE_MODULES = YES;
				CLANG_ENABLE_OBJC_ARC = YES;
				CLANG_WARN_BOOL_CONVERSION = YES;
				CLANG_WARN_CONSTANT_CONVERSION = YES;
				CLANG_WARN_DIRECT_OBJC_ISA_USAGE = YES_ERROR;
				CLANG_WARN_EMPTY_BODY = YES;
				CLANG_WARN_ENUM_CONVERSION = YES;
				CLANG_WARN_INT_CONVERSION = YES;
				CLANG_WARN_OBJC_ROOT_CLASS = YES_ERROR;
				CLANG_WARN_UNREACHABLE_CODE = YES;
				CLANG_WARN__DUPLICATE_METHOD_MATCH = YES;
				"CODE_SIGN_IDENTITY[sdk=iphoneos*]" = "iPhone Developer";
				COPY_PHASE_STRIP = YES;
				ENABLE_NS_ASSERTIONS = NO;
				ENABLE_STRICT_OBJC_MSGSEND = YES;
				GCC_C_LANGUAGE_STANDARD = gnu99;
				GCC_WARN_64_TO_32_BIT_CONVERSION = YES;
				GCC_WARN_ABOUT_RETURN_TYPE = YES_ERROR;
				GCC_WARN_UNDECLARED_SELECTOR = YES;
				GCC_WARN_UNINITIALIZED_AUTOS = YES_AGGRESSIVE;
				GCC_WARN_UNUSED_FUNCTION = YES;
				GCC_WARN_UNUSED_VARIABLE = YES;
				IPHONEOS_DEPLOYMENT_TARGET = 8.1;
				MTL_ENABLE_DEBUG_INFO = NO;
				SDKROOT = iphoneos;
				TARGETED_DEVICE_FAMILY = "1,2";
				VALIDATE_PRODUCT = YES;
			};
			name = Release;
		};
		758701FF1A9F31B00091C963 /* Debug */ = {
			isa = XCBuildConfiguration;
			baseConfigurationReference = 725FACBB6B37C9DB3A170548 /* Pods.debug.xcconfig */;
			buildSettings = {
				ASSETCATALOG_COMPILER_APPICON_NAME = AppIcon;
				CLANG_ENABLE_MODULES = YES;
				INFOPLIST_FILE = Cfast/Info.plist;
				LD_RUNPATH_SEARCH_PATHS = "$(inherited) @executable_path/Frameworks";
				PRODUCT_NAME = "$(TARGET_NAME)";
				SWIFT_OBJC_BRIDGING_HEADER = "Cfast/Cfast-Bridging-Header.h";
				SWIFT_OPTIMIZATION_LEVEL = "-Onone";
			};
			name = Debug;
		};
		758702001A9F31B00091C963 /* Release */ = {
			isa = XCBuildConfiguration;
			baseConfigurationReference = B88315FC81C079823125FBFF /* Pods.release.xcconfig */;
			buildSettings = {
				ASSETCATALOG_COMPILER_APPICON_NAME = AppIcon;
				CLANG_ENABLE_MODULES = YES;
				INFOPLIST_FILE = Cfast/Info.plist;
				LD_RUNPATH_SEARCH_PATHS = "$(inherited) @executable_path/Frameworks";
				PRODUCT_NAME = "$(TARGET_NAME)";
				SWIFT_OBJC_BRIDGING_HEADER = "Cfast/Cfast-Bridging-Header.h";
			};
			name = Release;
		};
		758702021A9F31B00091C963 /* Debug */ = {
			isa = XCBuildConfiguration;
			buildSettings = {
				BUNDLE_LOADER = "$(TEST_HOST)";
				FRAMEWORK_SEARCH_PATHS = (
					"$(SDKROOT)/Developer/Library/Frameworks",
					"$(inherited)",
				);
				GCC_PREPROCESSOR_DEFINITIONS = (
					"DEBUG=1",
					"$(inherited)",
				);
				INFOPLIST_FILE = CfastTests/Info.plist;
				LD_RUNPATH_SEARCH_PATHS = "$(inherited) @executable_path/Frameworks @loader_path/Frameworks";
				PRODUCT_NAME = "$(TARGET_NAME)";
				TEST_HOST = "$(BUILT_PRODUCTS_DIR)/Cfast.app/Cfast";
			};
			name = Debug;
		};
		758702031A9F31B00091C963 /* Release */ = {
			isa = XCBuildConfiguration;
			buildSettings = {
				BUNDLE_LOADER = "$(TEST_HOST)";
				FRAMEWORK_SEARCH_PATHS = (
					"$(SDKROOT)/Developer/Library/Frameworks",
					"$(inherited)",
				);
				INFOPLIST_FILE = CfastTests/Info.plist;
				LD_RUNPATH_SEARCH_PATHS = "$(inherited) @executable_path/Frameworks @loader_path/Frameworks";
				PRODUCT_NAME = "$(TARGET_NAME)";
				TEST_HOST = "$(BUILT_PRODUCTS_DIR)/Cfast.app/Cfast";
			};
			name = Release;
		};
/* End XCBuildConfiguration section */

/* Begin XCConfigurationList section */
		758701D71A9F31B00091C963 /* Build configuration list for PBXProject "Cfast" */ = {
			isa = XCConfigurationList;
			buildConfigurations = (
				758701FC1A9F31B00091C963 /* Debug */,
				758701FD1A9F31B00091C963 /* Release */,
			);
			defaultConfigurationIsVisible = 0;
			defaultConfigurationName = Release;
		};
		758701FE1A9F31B00091C963 /* Build configuration list for PBXNativeTarget "Cfast" */ = {
			isa = XCConfigurationList;
			buildConfigurations = (
				758701FF1A9F31B00091C963 /* Debug */,
				758702001A9F31B00091C963 /* Release */,
			);
			defaultConfigurationIsVisible = 0;
			defaultConfigurationName = Release;
		};
		758702011A9F31B00091C963 /* Build configuration list for PBXNativeTarget "CfastTests" */ = {
			isa = XCConfigurationList;
			buildConfigurations = (
				758702021A9F31B00091C963 /* Debug */,
				758702031A9F31B00091C963 /* Release */,
			);
			defaultConfigurationIsVisible = 0;
			defaultConfigurationName = Release;
		};
/* End XCConfigurationList section */

/* Begin XCVersionGroup section */
		758701E31A9F31B00091C963 /* Cfast.xcdatamodeld */ = {
			isa = XCVersionGroup;
			children = (
				758701E41A9F31B00091C963 /* Cfast.xcdatamodel */,
			);
			currentVersion = 758701E41A9F31B00091C963 /* Cfast.xcdatamodel */;
			path = Cfast.xcdatamodeld;
			sourceTree = "<group>";
			versionGroupType = wrapper.xcdatamodel;
		};
/* End XCVersionGroup section */
	};
	rootObject = 758701D41A9F31B00091C963 /* Project object */;
}
